
Microsoft Visual Studio Solution File, Format Version 12.00
# Visual Studio Version 17
VisualStudioVersion = 17.5.002.0
MinimumVisualStudioVersion = 10.0.40219.1
Project("{9A19103F-16F7-4668-BE54-9A1E7A4F7556}") = "ResourcingToolKit", "ResourcingToolKit.csproj", "{88F0DCBC-B3F7-4BAA-8459-8F62A64FD49A}"
EndProject
Global
	GlobalSection(SolutionConfigurationPlatforms) = preSolution
		Debug|Any CPU = Debug|Any CPU
		Release|Any CPU = Release|Any CPU
	EndGlobalSection
	GlobalSection(ProjectConfigurationPlatforms) = postSolution
		{88F0DCBC-B3F7-4BAA-8459-8F62A64FD49A}.Debug|Any CPU.ActiveCfg = Debug|Any CPU
		{88F0DCBC-B3F7-4BAA-8459-8F62A64FD49A}.Debug|Any CPU.Build.0 = Debug|Any CPU
		{88F0DCBC-B3F7-4BAA-8459-8F62A64FD49A}.Release|Any CPU.ActiveCfg = Release|Any CPU
		{88F0DCBC-B3F7-4BAA-8459-8F62A64FD49A}.Release|Any CPU.Build.0 = Release|Any CPU
	EndGlobalSection
	GlobalSection(SolutionProperties) = preSolution
		HideSolutionNode = FALSE
	EndGlobalSection
	GlobalSection(ExtensibilityGlobals) = postSolution
		SolutionGuid = {FC712BFA-65F6-4413-8234-398E4F97E01B}
	EndGlobalSection
EndGlobal
